{
  "requires": true,
  "lockfileVersion": 1,
  "dependencies": {
    "xmlbuilder": {
      "version": "15.0.0",
      "resolved": "https://registry.npmjs.org/xmlbuilder/-/xmlbuilder-15.0.0.tgz",
      "integrity": "sha512-KLu/G0DoWhkncQ9eHSI6s0/w+T4TM7rQaLhtCaL6tORv8jFlJPlnGumsgTcGfYeS1qZ/IHqrvDG7zJZ4d7e+nw=="
    }
  }
}
